
Microsoft Visual Studio Solution File, Format Version 12.00
# Visual Studio Version 16
VisualStudioVersion = 16.0.29326.143
MinimumVisualStudioVersion = 10.0.40219.1
Project("{9A19103F-16F7-4668-BE54-9A1E7A4F7556}") = "Binodata.EF.Component.Standard", "Binodata.EF.Component.Standare\Binodata.EF.Component.Standard.csproj", "{139C4929-EC1B-45CB-8A81-21A4D7A2CC9F}"
EndProject
Global
	GlobalSection(SolutionConfigurationPlatforms) = preSolution
		Debug|Any CPU = Debug|Any CPU
		Release|Any CPU = Release|Any CPU
	EndGlobalSection
	GlobalSection(ProjectConfigurationPlatforms) = postSolution
		{139C4929-EC1B-45CB-8A81-21A4D7A2CC9F}.Debug|Any CPU.ActiveCfg = Debug|Any CPU
		{139C4929-EC1B-45CB-8A81-21A4D7A2CC9F}.Debug|Any CPU.Build.0 = Debug|Any CPU
		{139C4929-EC1B-45CB-8A81-21A4D7A2CC9F}.Release|Any CPU.ActiveCfg = Release|Any CPU
		{139C4929-EC1B-45CB-8A81-21A4D7A2CC9F}.Release|Any CPU.Build.0 = Release|Any CPU
	EndGlobalSection
	GlobalSection(SolutionProperties) = preSolution
		HideSolutionNode = FALSE
	EndGlobalSection
	GlobalSection(ExtensibilityGlobals) = postSolution
		SolutionGuid = {57ED15A8-66DA-4EDD-9CEF-9C3B23219D84}
	EndGlobalSection
EndGlobal
